
Microsoft Visual Studio Solution File, Format Version 12.00
# Visual Studio 15
VisualStudioVersion = 15.0.27703.2047
MinimumVisualStudioVersion = 10.0.40219.1
Project("{FAE04EC0-301F-11D3-BF4B-00C04F79EFBC}") = "SportsShop.WebApp", "SportsShop.WebApp\SportsShop.WebApp.csproj", "{ACB74C86-FB84-4761-8790-DD14E5719AAA}"
EndProject
Project("{FAE04EC0-301F-11D3-BF4B-00C04F79EFBC}") = "SportsShop.UnitTests", "SportsShop.UnitTests\SportsShop.UnitTests.csproj", "{6025EAE2-A456-4B4C-B67B-4C4E98948621}"
EndProject
Project("{FAE04EC0-301F-11D3-BF4B-00C04F79EFBC}") = "SportsShop.Domain", "SportsShop.Domain\SportsShop.Domain.csproj", "{8D038A38-4CA4-4065-8416-4205E2D9F16A}"
EndProject
Global
	GlobalSection(SolutionConfigurationPlatforms) = preSolution
		Debug|Any CPU = Debug|Any CPU
		Release|Any CPU = Release|Any CPU
	EndGlobalSection
	GlobalSection(ProjectConfigurationPlatforms) = postSolution
		{ACB74C86-FB84-4761-8790-DD14E5719AAA}.Debug|Any CPU.ActiveCfg = Debug|Any CPU
		{ACB74C86-FB84-4761-8790-DD14E5719AAA}.Debug|Any CPU.Build.0 = Debug|Any CPU
		{ACB74C86-FB84-4761-8790-DD14E5719AAA}.Release|Any CPU.ActiveCfg = Release|Any CPU
		{ACB74C86-FB84-4761-8790-DD14E5719AAA}.Release|Any CPU.Build.0 = Release|Any CPU
		{6025EAE2-A456-4B4C-B67B-4C4E98948621}.Debug|Any CPU.ActiveCfg = Debug|Any CPU
		{6025EAE2-A456-4B4C-B67B-4C4E98948621}.Debug|Any CPU.Build.0 = Debug|Any CPU
		{6025EAE2-A456-4B4C-B67B-4C4E98948621}.Release|Any CPU.ActiveCfg = Release|Any CPU
		{6025EAE2-A456-4B4C-B67B-4C4E98948621}.Release|Any CPU.Build.0 = Release|Any CPU
		{8D038A38-4CA4-4065-8416-4205E2D9F16A}.Debug|Any CPU.ActiveCfg = Debug|Any CPU
		{8D038A38-4CA4-4065-8416-4205E2D9F16A}.Debug|Any CPU.Build.0 = Debug|Any CPU
		{8D038A38-4CA4-4065-8416-4205E2D9F16A}.Release|Any CPU.ActiveCfg = Release|Any CPU
		{8D038A38-4CA4-4065-8416-4205E2D9F16A}.Release|Any CPU.Build.0 = Release|Any CPU
	EndGlobalSection
	GlobalSection(SolutionProperties) = preSolution
		HideSolutionNode = FALSE
	EndGlobalSection
	GlobalSection(ExtensibilityGlobals) = postSolution
		SolutionGuid = {F1C69DEF-FD31-46B8-B67A-58573DDC1337}
	EndGlobalSection
EndGlobal
